// !$*UTF8*$!
{
	archiveVersion = 1;
	classes = {
	};
	objectVersion = 56;
	objects = {

/* Begin PBXBuildFile section */
		646044052A804B90000CC574 /* SelectImageViewController.swift in Sources */ = {isa = PBXBuildFile; fileRef = 646044042A804B90000CC574 /* SelectImageViewController.swift */; };
		6480A57F2A7D8C1200EC4BF7 /* AppDelegate.swift in Sources */ = {isa = PBXBuildFile; fileRef = 6480A57E2A7D8C1200EC4BF7 /* AppDelegate.swift */; };
		6480A5812A7D8C1200EC4BF7 /* SceneDelegate.swift in Sources */ = {isa = PBXBuildFile; fileRef = 6480A5802A7D8C1200EC4BF7 /* SceneDelegate.swift */; };
		6480A5832A7D8C1200EC4BF7 /* ViewController.swift in Sources */ = {isa = PBXBuildFile; fileRef = 6480A5822A7D8C1200EC4BF7 /* ViewController.swift */; };
		6480A5862A7D8C1200EC4BF7 /* Main.storyboard in Resources */ = {isa = PBXBuildFile; fileRef = 6480A5842A7D8C1200EC4BF7 /* Main.storyboard */; };
		6480A5882A7D8C1200EC4BF7 /* Assets.xcassets in Resources */ = {isa = PBXBuildFile; fileRef = 6480A5872A7D8C1200EC4BF7 /* Assets.xcassets */; };
		6480A58B2A7D8C1200EC4BF7 /* LaunchScreen.storyboard in Resources */ = {isa = PBXBuildFile; fileRef = 6480A5892A7D8C1200EC4BF7 /* LaunchScreen.storyboard */; };
		6480A5982A7D910E00EC4BF7 /* Facts.swift in Sources */ = {isa = PBXBuildFile; fileRef = 6480A5972A7D910E00EC4BF7 /* Facts.swift */; };
		6480A59A2A7D96A600EC4BF7 /* DetailViewController.swift in Sources */ = {isa = PBXBuildFile; fileRef = 6480A5992A7D96A600EC4BF7 /* DetailViewController.swift */; };
		6480A59C2A7DA60400EC4BF7 /* SelectViewController.swift in Sources */ = {isa = PBXBuildFile; fileRef = 6480A59B2A7DA60400EC4BF7 /* SelectViewController.swift */; };
		64995B5E2A7EE6B60070B70D /* DenemeViewController.swift in Sources */ = {isa = PBXBuildFile; fileRef = 64995B5D2A7EE6B60070B70D /* DenemeViewController.swift */; };
		64995B602A7EE8210070B70D /* denemeStruct.swift in Sources */ = {isa = PBXBuildFile; fileRef = 64995B5F2A7EE8210070B70D /* denemeStruct.swift */; };
/* End PBXBuildFile section */

/* Begin PBXFileReference section */
		646044042A804B90000CC574 /* SelectImageViewController.swift */ = {isa = PBXFileReference; lastKnownFileType = sourcecode.swift; path = SelectImageViewController.swift; sourceTree = "<group>"; };
		6480A57B2A7D8C1200EC4BF7 /* Cat-Facts.app */ = {isa = PBXFileReference; explicitFileType = wrapper.application; includeInIndex = 0; path = "Cat-Facts.app"; sourceTree = BUILT_PRODUCTS_DIR; };
		6480A57E2A7D8C1200EC4BF7 /* AppDelegate.swift */ = {isa = PBXFileReference; lastKnownFileType = sourcecode.swift; path = AppDelegate.swift; sourceTree = "<group>"; };
		6480A5802A7D8C1200EC4BF7 /* SceneDelegate.swift */ = {isa = PBXFileReference; lastKnownFileType = sourcecode.swift; path = SceneDelegate.swift; sourceTree = "<group>"; };
		6480A5822A7D8C1200EC4BF7 /* ViewController.swift */ = {isa = PBXFileReference; lastKnownFileType = sourcecode.swift; path = ViewController.swift; sourceTree = "<group>"; };
		6480A5852A7D8C1200EC4BF7 /* Base */ = {isa = PBXFileReference; lastKnownFileType = file.storyboard; name = Base; path = Base.lproj/Main.storyboard; sourceTree = "<group>"; };
		6480A5872A7D8C1200EC4BF7 /* Assets.xcassets */ = {isa = PBXFileReference; lastKnownFileType = folder.assetcatalog; path = Assets.xcassets; sourceTree = "<group>"; };
		6480A58A2A7D8C1200EC4BF7 /* Base */ = {isa = PBXFileReference; lastKnownFileType = file.storyboard; name = Base; path = Base.lproj/LaunchScreen.storyboard; sourceTree = "<group>"; };
		6480A58C2A7D8C1200EC4BF7 /* Info.plist */ = {isa = PBXFileReference; lastKnownFileType = text.plist.xml; path = Info.plist; sourceTree = "<group>"; };
		6480A5972A7D910E00EC4BF7 /* Facts.swift */ = {isa = PBXFileReference; lastKnownFileType = sourcecode.swift; path = Facts.swift; sourceTree = "<group>"; };
		6480A5992A7D96A600EC4BF7 /* DetailViewController.swift */ = {isa = PBXFileReference; lastKnownFileType = sourcecode.swift; path = DetailViewController.swift; sourceTree = "<group>"; };
		6480A59B2A7DA60400EC4BF7 /* SelectViewController.swift */ = {isa = PBXFileReference; lastKnownFileType = sourcecode.swift; path = SelectViewController.swift; sourceTree = "<group>"; };
		64995B5D2A7EE6B60070B70D /* DenemeViewController.swift */ = {isa = PBXFileReference; lastKnownFileType = sourcecode.swift; path = DenemeViewController.swift; sourceTree = "<group>"; };
		64995B5F2A7EE8210070B70D /* denemeStruct.swift */ = {isa = PBXFileReference; lastKnownFileType = sourcecode.swift; path = denemeStruct.swift; sourceTree = "<group>"; };
/* End PBXFileReference section */

/* Begin PBXFrameworksBuildPhase section */
		6480A5782A7D8C1200EC4BF7 /* Frameworks */ = {
			isa = PBXFrameworksBuildPhase;
			buildActionMask = 2147483647;
			files = (
			);
			runOnlyForDeploymentPostprocessing = 0;
		};
/* End PBXFrameworksBuildPhase section */

/* Begin PBXGroup section */
		6480A5722A7D8C1200EC4BF7 = {
			isa = PBXGroup;
			children = (
				6480A57D2A7D8C1200EC4BF7 /* Cat-Facts */,
				6480A57C2A7D8C1200EC4BF7 /* Products */,
			);
			sourceTree = "<group>";
		};
		6480A57C2A7D8C1200EC4BF7 /* Products */ = {
			isa = PBXGroup;
			children = (
				6480A57B2A7D8C1200EC4BF7 /* Cat-Facts.app */,
			);
			name = Products;
			sourceTree = "<group>";
		};
		6480A57D2A7D8C1200EC4BF7 /* Cat-Facts */ = {
			isa = PBXGroup;
			children = (
				6480A5962A7D8CF800EC4BF7 /* Supports */,
				6480A5952A7D8CE600EC4BF7 /* Core */,
				6480A5922A7D8CAC00EC4BF7 /* Model */,
				6480A5932A7D8CB600EC4BF7 /* View */,
				6480A5942A7D8CBA00EC4BF7 /* Controller */,
				6480A58C2A7D8C1200EC4BF7 /* Info.plist */,
			);
			path = "Cat-Facts";
			sourceTree = "<group>";
		};
		6480A5922A7D8CAC00EC4BF7 /* Model */ = {
			isa = PBXGroup;
			children = (
				6480A5972A7D910E00EC4BF7 /* Facts.swift */,
				64995B5F2A7EE8210070B70D /* denemeStruct.swift */,
			);
			path = Model;
			sourceTree = "<group>";
		};
		6480A5932A7D8CB600EC4BF7 /* View */ = {
			isa = PBXGroup;
			children = (
				6480A5842A7D8C1200EC4BF7 /* Main.storyboard */,
			);
			path = View;
			sourceTree = "<group>";
		};
		6480A5942A7D8CBA00EC4BF7 /* Controller */ = {
			isa = PBXGroup;
			children = (
				6480A5822A7D8C1200EC4BF7 /* ViewController.swift */,
				6480A5992A7D96A600EC4BF7 /* DetailViewController.swift */,
				6480A59B2A7DA60400EC4BF7 /* SelectViewController.swift */,
				64995B5D2A7EE6B60070B70D /* DenemeViewController.swift */,
				646044042A804B90000CC574 /* SelectImageViewController.swift */,
			);
			path = Controller;
			sourceTree = "<group>";
		};
		6480A5952A7D8CE600EC4BF7 /* Core */ = {
			isa = PBXGroup;
			children = (
				6480A57E2A7D8C1200EC4BF7 /* AppDelegate.swift */,
				6480A5802A7D8C1200EC4BF7 /* SceneDelegate.swift */,
			);
			path = Core;
			sourceTree = "<group>";
		};
		6480A5962A7D8CF800EC4BF7 /* Supports */ = {
			isa = PBXGroup;
			children = (
				6480A5872A7D8C1200EC4BF7 /* Assets.xcassets */,
				6480A5892A7D8C1200EC4BF7 /* LaunchScreen.storyboard */,
			);
			path = Supports;
			sourceTree = "<group>";
		};
/* End PBXGroup section */

/* Begin PBXNativeTarget section */
		6480A57A2A7D8C1200EC4BF7 /* Cat-Facts */ = {
			isa = PBXNativeTarget;
			buildConfigurationList = 6480A58F2A7D8C1200EC4BF7 /* Build configuration list for PBXNativeTarget "Cat-Facts" */;
			buildPhases = (
				6480A5772A7D8C1200EC4BF7 /* Sources */,
				6480A5782A7D8C1200EC4BF7 /* Frameworks */,
				6480A5792A7D8C1200EC4BF7 /* Resources */,
			);
			buildRules = (
			);
			dependencies = (
			);
			name = "Cat-Facts";
			productName = "Cat-Facts";
			productReference = 6480A57B2A7D8C1200EC4BF7 /* Cat-Facts.app */;
			productType = "com.apple.product-type.application";
		};
/* End PBXNativeTarget section */

/* Begin PBXProject section */
		6480A5732A7D8C1200EC4BF7 /* Project object */ = {
			isa = PBXProject;
			attributes = {
				BuildIndependentTargetsInParallel = 1;
				LastSwiftUpdateCheck = 1420;
				LastUpgradeCheck = 1420;
				TargetAttributes = {
					6480A57A2A7D8C1200EC4BF7 = {
						CreatedOnToolsVersion = 14.2;
					};
				};
			};
			buildConfigurationList = 6480A5762A7D8C1200EC4BF7 /* Build configuration list for PBXProject "Cat-Facts" */;
			compatibilityVersion = "Xcode 14.0";
			developmentRegion = en;
			hasScannedForEncodings = 0;
			knownRegions = (
				en,
				Base,
			);
			mainGroup = 6480A5722A7D8C1200EC4BF7;
			productRefGroup = 6480A57C2A7D8C1200EC4BF7 /* Products */;
			projectDirPath = "";
			projectRoot = "";
			targets = (
				6480A57A2A7D8C1200EC4BF7 /* Cat-Facts */,
			);
		};
/* End PBXProject section */

/* Begin PBXResourcesBuildPhase section */
		6480A5792A7D8C1200EC4BF7 /* Resources */ = {
			isa = PBXResourcesBuildPhase;
			buildActionMask = 2147483647;
			files = (
				6480A58B2A7D8C1200EC4BF7 /* LaunchScreen.storyboard in Resources */,
				6480A5882A7D8C1200EC4BF7 /* Assets.xcassets in Resources */,
				6480A5862A7D8C1200EC4BF7 /* Main.storyboard in Resources */,
			);
			runOnlyForDeploymentPostprocessing = 0;
		};
/* End PBXResourcesBuildPhase section */

/* Begin PBXSourcesBuildPhase section */
		6480A5772A7D8C1200EC4BF7 /* Sources */ = {
			isa = PBXSourcesBuildPhase;
			buildActionMask = 2147483647;
			files = (
				64995B602A7EE8210070B70D /* denemeStruct.swift in Sources */,
				6480A5832A7D8C1200EC4BF7 /* ViewController.swift in Sources */,
				6480A57F2A7D8C1200EC4BF7 /* AppDelegate.swift in Sources */,
				6480A59A2A7D96A600EC4BF7 /* DetailViewController.swift in Sources */,
				6480A5812A7D8C1200EC4BF7 /* SceneDelegate.swift in Sources */,
				646044052A804B90000CC574 /* SelectImageViewController.swift in Sources */,
				6480A59C2A7DA60400EC4BF7 /* SelectViewController.swift in Sources */,
				6480A5982A7D910E00EC4BF7 /* Facts.swift in Sources */,
				64995B5E2A7EE6B60070B70D /* DenemeViewController.swift in Sources */,
			);
			runOnlyForDeploymentPostprocessing = 0;
		};
/* End PBXSourcesBuildPhase section */

/* Begin PBXVariantGroup section */
		6480A5842A7D8C1200EC4BF7 /* Main.storyboard */ = {
			isa = PBXVariantGroup;
			children = (
				6480A5852A7D8C1200EC4BF7 /* Base */,
			);
			name = Main.storyboard;
			sourceTree = "<group>";
		};
		6480A5892A7D8C1200EC4BF7 /* LaunchScreen.storyboard */ = {
			isa = PBXVariantGroup;
			children = (
				6480A58A2A7D8C1200EC4BF7 /* Base */,
			);
			name = LaunchScreen.storyboard;
			sourceTree = "<group>";
		};
/* End PBXVariantGroup section */

/* Begin XCBuildConfiguration section */
		6480A58D2A7D8C1200EC4BF7 /* Debug */ = {
			isa = XCBuildConfiguration;
			buildSettings = {
				ALWAYS_SEARCH_USER_PATHS = NO;
				CLANG_ANALYZER_NONNULL = YES;
				CLANG_ANALYZER_NUMBER_OBJECT_CONVERSION = YES_AGGRESSIVE;
				CLANG_CXX_LANGUAGE_STANDARD = "gnu++20";
				CLANG_ENABLE_MODULES = YES;
				CLANG_ENABLE_OBJC_ARC = YES;
				CLANG_ENABLE_OBJC_WEAK = YES;
				CLANG_WARN_BLOCK_CAPTURE_AUTORELEASING = YES;
				CLANG_WARN_BOOL_CONVERSION = YES;
				CLANG_WARN_COMMA = YES;
				CLANG_WARN_CONSTANT_CONVERSION = YES;
				CLANG_WARN_DEPRECATED_OBJC_IMPLEMENTATIONS = YES;
				CLANG_WARN_DIRECT_OBJC_ISA_USAGE = YES_ERROR;
				CLANG_WARN_DOCUMENTATION_COMMENTS = YES;
				CLANG_WARN_EMPTY_BODY = YES;
				CLANG_WARN_ENUM_CONVERSION = YES;
				CLANG_WARN_INFINITE_RECURSION = YES;
				CLANG_WARN_INT_CONVERSION = YES;
				CLANG_WARN_NON_LITERAL_NULL_CONVERSION = YES;
				CLANG_WARN_OBJC_IMPLICIT_RETAIN_SELF = YES;
				CLANG_WARN_OBJC_LITERAL_CONVERSION = YES;
				CLANG_WARN_OBJC_ROOT_CLASS = YES_ERROR;
				CLANG_WARN_QUOTED_INCLUDE_IN_FRAMEWORK_HEADER = YES;
				CLANG_WARN_RANGE_LOOP_ANALYSIS = YES;
				CLANG_WARN_STRICT_PROTOTYPES = YES;
				CLANG_WARN_SUSPICIOUS_MOVE = YES;
				CLANG_WARN_UNGUARDED_AVAILABILITY = YES_AGGRESSIVE;
				CLANG_WARN_UNREACHABLE_CODE = YES;
				CLANG_WARN__DUPLICATE_METHOD_MATCH = YES;
				COPY_PHASE_STRIP = NO;
				DEBUG_INFORMATION_FORMAT = dwarf;
				ENABLE_STRICT_OBJC_MSGSEND = YES;
				ENABLE_TESTABILITY = YES;
				GCC_C_LANGUAGE_STANDARD = gnu11;
				GCC_DYNAMIC_NO_PIC = NO;
				GCC_NO_COMMON_BLOCKS = YES;
				GCC_OPTIMIZATION_LEVEL = 0;
				GCC_PREPROCESSOR_DEFINITIONS = (
					"DEBUG=1",
					"$(inherited)",
				);
				GCC_WARN_64_TO_32_BIT_CONVERSION = YES;
				GCC_WARN_ABOUT_RETURN_TYPE = YES_ERROR;
				GCC_WARN_UNDECLARED_SELECTOR = YES;
				GCC_WARN_UNINITIALIZED_AUTOS = YES_AGGRESSIVE;
				GCC_WARN_UNUSED_FUNCTION = YES;
				GCC_WARN_UNUSED_VARIABLE = YES;
				IPHONEOS_DEPLOYMENT_TARGET = 16.2;
				MTL_ENABLE_DEBUG_INFO = INCLUDE_SOURCE;
				MTL_FAST_MATH = YES;
				ONLY_ACTIVE_ARCH = YES;
				SDKROOT = iphoneos;
				SWIFT_ACTIVE_COMPILATION_CONDITIONS = DEBUG;
				SWIFT_OPTIMIZATION_LEVEL = "-Onone";
			};
			name = Debug;
		};
		6480A58E2A7D8C1200EC4BF7 /* Release */ = {
			isa = XCBuildConfiguration;
			buildSettings = {
				ALWAYS_SEARCH_USER_PATHS = NO;
				CLANG_ANALYZER_NONNULL = YES;
				CLANG_ANALYZER_NUMBER_OBJECT_CONVERSION = YES_AGGRESSIVE;
				CLANG_CXX_LANGUAGE_STANDARD = "gnu++20";
				CLANG_ENABLE_MODULES = YES;
				CLANG_ENABLE_OBJC_ARC = YES;
				CLANG_ENABLE_OBJC_WEAK = YES;
				CLANG_WARN_BLOCK_CAPTURE_AUTORELEASING = YES;
				CLANG_WARN_BOOL_CONVERSION = YES;
				CLANG_WARN_COMMA = YES;
				CLANG_WARN_CONSTANT_CONVERSION = YES;
				CLANG_WARN_DEPRECATED_OBJC_IMPLEMENTATIONS = YES;
				CLANG_WARN_DIRECT_OBJC_ISA_USAGE = YES_ERROR;
				CLANG_WARN_DOCUMENTATION_COMMENTS = YES;
				CLANG_WARN_EMPTY_BODY = YES;
				CLANG_WARN_ENUM_CONVERSION = YES;
				CLANG_WARN_INFINITE_RECURSION = YES;
				CLANG_WARN_INT_CONVERSION = YES;
				CLANG_WARN_NON_LITERAL_NULL_CONVERSION = YES;
				CLANG_WARN_OBJC_IMPLICIT_RETAIN_SELF = YES;
				CLANG_WARN_OBJC_LITERAL_CONVERSION = YES;
				CLANG_WARN_OBJC_ROOT_CLASS = YES_ERROR;
				CLANG_WARN_QUOTED_INCLUDE_IN_FRAMEWORK_HEADER = YES;
				CLANG_WARN_RANGE_LOOP_ANALYSIS = YES;
				CLANG_WARN_STRICT_PROTOTYPES = YES;
				CLANG_WARN_SUSPICIOUS_MOVE = YES;
				CLANG_WARN_UNGUARDED_AVAILABILITY = YES_AGGRESSIVE;
				CLANG_WARN_UNREACHABLE_CODE = YES;
				CLANG_WARN__DUPLICATE_METHOD_MATCH = YES;
				COPY_PHASE_STRIP = NO;
				DEBUG_INFORMATION_FORMAT = "dwarf-with-dsym";
				ENABLE_NS_ASSERTIONS = NO;
				ENABLE_STRICT_OBJC_MSGSEND = YES;
				GCC_C_LANGUAGE_STANDARD = gnu11;
				GCC_NO_COMMON_BLOCKS = YES;
				GCC_WARN_64_TO_32_BIT_CONVERSION = YES;
				GCC_WARN_ABOUT_RETURN_TYPE = YES_ERROR;
				GCC_WARN_UNDECLARED_SELECTOR = YES;
				GCC_WARN_UNINITIALIZED_AUTOS = YES_AGGRESSIVE;
				GCC_WARN_UNUSED_FUNCTION = YES;
				GCC_WARN_UNUSED_VARIABLE = YES;
				IPHONEOS_DEPLOYMENT_TARGET = 16.2;
				MTL_ENABLE_DEBUG_INFO = NO;
				MTL_FAST_MATH = YES;
				SDKROOT = iphoneos;
				SWIFT_COMPILATION_MODE = wholemodule;
				SWIFT_OPTIMIZATION_LEVEL = "-O";
				VALIDATE_PRODUCT = YES;
			};
			name = Release;
		};
		6480A5902A7D8C1200EC4BF7 /* Debug */ = {
			isa = XCBuildConfiguration;
			buildSettings = {
				ASSETCATALOG_COMPILER_APPICON_NAME = AppIcon;
				ASSETCATALOG_COMPILER_GLOBAL_ACCENT_COLOR_NAME = AccentColor;
				CODE_SIGN_STYLE = Automatic;
				CURRENT_PROJECT_VERSION = 1;
				GENERATE_INFOPLIST_FILE = YES;
				INFOPLIST_FILE = "Cat-Facts/Info.plist";
				INFOPLIST_KEY_UIApplicationSupportsIndirectInputEvents = YES;
				INFOPLIST_KEY_UILaunchStoryboardName = LaunchScreen;
				INFOPLIST_KEY_UIMainStoryboardFile = Main;
				INFOPLIST_KEY_UISupportedInterfaceOrientations_iPad = "UIInterfaceOrientationPortrait UIInterfaceOrientationPortraitUpsideDown UIInterfaceOrientationLandscapeLeft UIInterfaceOrientationLandscapeRight";
				INFOPLIST_KEY_UISupportedInterfaceOrientations_iPhone = "UIInterfaceOrientationPortrait UIInterfaceOrientationLandscapeLeft UIInterfaceOrientationLandscapeRight";
				LD_RUNPATH_SEARCH_PATHS = (
					"$(inherited)",
					"@executable_path/Frameworks",
				);
				MARKETING_VERSION = 1.0;
				PRODUCT_BUNDLE_IDENTIFIER = "co.bahittin.Cat-Facts";
				PRODUCT_NAME = "$(TARGET_NAME)";
				SWIFT_EMIT_LOC_STRINGS = YES;
				SWIFT_VERSION = 5.0;
				TARGETED_DEVICE_FAMILY = "1,2";
			};
			name = Debug;
		};
		6480A5912A7D8C1200EC4BF7 /* Release */ = {
			isa = XCBuildConfiguration;
			buildSettings = {
				ASSETCATALOG_COMPILER_APPICON_NAME = AppIcon;
				ASSETCATALOG_COMPILER_GLOBAL_ACCENT_COLOR_NAME = AccentColor;
				CODE_SIGN_STYLE = Automatic;
				CURRENT_PROJECT_VERSION = 1;
				GENERATE_INFOPLIST_FILE = YES;
				INFOPLIST_FILE = "Cat-Facts/Info.plist";
				INFOPLIST_KEY_UIApplicationSupportsIndirectInputEvents = YES;
				INFOPLIST_KEY_UILaunchStoryboardName = LaunchScreen;
				INFOPLIST_KEY_UIMainStoryboardFile = Main;
				INFOPLIST_KEY_UISupportedInterfaceOrientations_iPad = "UIInterfaceOrientationPortrait UIInterfaceOrientationPortraitUpsideDown UIInterfaceOrientationLandscapeLeft UIInterfaceOrientationLandscapeRight";
				INFOPLIST_KEY_UISupportedInterfaceOrientations_iPhone = "UIInterfaceOrientationPortrait UIInterfaceOrientationLandscapeLeft UIInterfaceOrientationLandscapeRight";
				LD_RUNPATH_SEARCH_PATHS = (
					"$(inherited)",
					"@executable_path/Frameworks",
				);
				MARKETING_VERSION = 1.0;
				PRODUCT_BUNDLE_IDENTIFIER = "co.bahittin.Cat-Facts";
				PRODUCT_NAME = "$(TARGET_NAME)";
				SWIFT_EMIT_LOC_STRINGS = YES;
				SWIFT_VERSION = 5.0;
				TARGETED_DEVICE_FAMILY = "1,2";
			};
			name = Release;
		};
/* End XCBuildConfiguration section */

/* Begin XCConfigurationList section */
		6480A5762A7D8C1200EC4BF7 /* Build configuration list for PBXProject "Cat-Facts" */ = {
			isa = XCConfigurationList;
			buildConfigurations = (
				6480A58D2A7D8C1200EC4BF7 /* Debug */,
				6480A58E2A7D8C1200EC4BF7 /* Release */,
			);
			defaultConfigurationIsVisible = 0;
			defaultConfigurationName = Release;
		};
		6480A58F2A7D8C1200EC4BF7 /* Build configuration list for PBXNativeTarget "Cat-Facts" */ = {
			isa = XCConfigurationList;
			buildConfigurations = (
				6480A5902A7D8C1200EC4BF7 /* Debug */,
				6480A5912A7D8C1200EC4BF7 /* Release */,
			);
			defaultConfigurationIsVisible = 0;
			defaultConfigurationName = Release;
		};
/* End XCConfigurationList section */
	};
	rootObject = 6480A5732A7D8C1200EC4BF7 /* Project object */;
}
